
Microsoft Visual Studio Solution File, Format Version 12.00
# Visual Studio 15
VisualStudioVersion = 15.0.27130.2027
MinimumVisualStudioVersion = 10.0.40219.1
Project("{2150E333-8FDC-42A3-9474-1A3956D46DE8}") = "Microsoft.Azure.Devices.Proxy.Samples", "Microsoft.Azure.Devices.Proxy.Samples", "{F78C9A16-78B2-4100-BB38-3889C17D6D01}"
EndProject
Project("{2150E333-8FDC-42A3-9474-1A3956D46DE8}") = "Opc.Ua", "Opc.Ua", "{A2C5F44E-4EF3-4E24-8FF7-E2D392A81016}"
EndProject
Project("{2150E333-8FDC-42A3-9474-1A3956D46DE8}") = "Test", "Test", "{D39B6BF5-FC00-4CB9-8B65-22332F3909D5}"
EndProject
Project("{9A19103F-16F7-4668-BE54-9A1E7A4F7556}") = "Microsoft.Azure.Devices.Proxy", "src\Microsoft.Azure.Devices.Proxy\Microsoft.Azure.Devices.Proxy.csproj", "{43311AFB-D7C4-4E5A-B1DE-855407F90D1B}"
EndProject
Project("{9A19103F-16F7-4668-BE54-9A1E7A4F7556}") = "Simple", "samples\simple\tcp\Simple.csproj", "{09EE653E-A545-4D4A-8291-DC8B1FBBC62F}"
EndProject
Project("{9A19103F-16F7-4668-BE54-9A1E7A4F7556}") = "Microsoft.Azure.Devices.Proxy.Opc.Ua", "samples\opc-ua\src\Microsoft.Azure.Devices.Proxy.Opc.Ua\Microsoft.Azure.Devices.Proxy.Opc.Ua.csproj", "{88811AFB-D7C4-AB5A-B1DE-955407F90D1B}"
EndProject
Project("{9A19103F-16F7-4668-BE54-9A1E7A4F7556}") = "Client", "samples\opc-ua\test\Client\Client.csproj", "{A9E3812C-982C-426F-987F-7882C712F64C}"
EndProject
Project("{9A19103F-16F7-4668-BE54-9A1E7A4F7556}") = "Netcat", "samples\netcat\Netcat.csproj", "{E7BFB277-62F2-4EC0-ACF1-7FEE80A03596}"
EndProject
Project("{2150E333-8FDC-42A3-9474-1A3956D46DE8}") = "Simple", "Simple", "{511DC781-E4D9-43E0-A05D-5004518A229A}"
EndProject
Global
	GlobalSection(SolutionConfigurationPlatforms) = preSolution
		Debug|Any CPU = Debug|Any CPU
		Release|Any CPU = Release|Any CPU
		Signed|Any CPU = Signed|Any CPU
	EndGlobalSection
	GlobalSection(ProjectConfigurationPlatforms) = postSolution
		{43311AFB-D7C4-4E5A-B1DE-855407F90D1B}.Debug|Any CPU.ActiveCfg = Debug|Any CPU
		{43311AFB-D7C4-4E5A-B1DE-855407F90D1B}.Debug|Any CPU.Build.0 = Debug|Any CPU
		{43311AFB-D7C4-4E5A-B1DE-855407F90D1B}.Release|Any CPU.ActiveCfg = Debug|Any CPU
		{43311AFB-D7C4-4E5A-B1DE-855407F90D1B}.Release|Any CPU.Build.0 = Debug|Any CPU
		{43311AFB-D7C4-4E5A-B1DE-855407F90D1B}.Signed|Any CPU.ActiveCfg = Debug|Any CPU
		{43311AFB-D7C4-4E5A-B1DE-855407F90D1B}.Signed|Any CPU.Build.0 = Debug|Any CPU
		{09EE653E-A545-4D4A-8291-DC8B1FBBC62F}.Debug|Any CPU.ActiveCfg = Debug|Any CPU
		{09EE653E-A545-4D4A-8291-DC8B1FBBC62F}.Debug|Any CPU.Build.0 = Debug|Any CPU
		{09EE653E-A545-4D4A-8291-DC8B1FBBC62F}.Release|Any CPU.ActiveCfg = Debug|Any CPU
		{09EE653E-A545-4D4A-8291-DC8B1FBBC62F}.Release|Any CPU.Build.0 = Debug|Any CPU
		{09EE653E-A545-4D4A-8291-DC8B1FBBC62F}.Signed|Any CPU.ActiveCfg = Debug|Any CPU
		{09EE653E-A545-4D4A-8291-DC8B1FBBC62F}.Signed|Any CPU.Build.0 = Debug|Any CPU
		{88811AFB-D7C4-AB5A-B1DE-955407F90D1B}.Debug|Any CPU.ActiveCfg = Debug|Any CPU
		{88811AFB-D7C4-AB5A-B1DE-955407F90D1B}.Debug|Any CPU.Build.0 = Debug|Any CPU
		{88811AFB-D7C4-AB5A-B1DE-955407F90D1B}.Release|Any CPU.ActiveCfg = Debug|Any CPU
		{88811AFB-D7C4-AB5A-B1DE-955407F90D1B}.Release|Any CPU.Build.0 = Debug|Any CPU
		{88811AFB-D7C4-AB5A-B1DE-955407F90D1B}.Signed|Any CPU.ActiveCfg = Debug|Any CPU
		{88811AFB-D7C4-AB5A-B1DE-955407F90D1B}.Signed|Any CPU.Build.0 = Debug|Any CPU
		{A9E3812C-982C-426F-987F-7882C712F64C}.Debug|Any CPU.ActiveCfg = Debug|Any CPU
		{A9E3812C-982C-426F-987F-7882C712F64C}.Debug|Any CPU.Build.0 = Debug|Any CPU
		{A9E3812C-982C-426F-987F-7882C712F64C}.Release|Any CPU.ActiveCfg = Debug|Any CPU
		{A9E3812C-982C-426F-987F-7882C712F64C}.Release|Any CPU.Build.0 = Debug|Any CPU
		{A9E3812C-982C-426F-987F-7882C712F64C}.Signed|Any CPU.ActiveCfg = Debug|Any CPU
		{A9E3812C-982C-426F-987F-7882C712F64C}.Signed|Any CPU.Build.0 = Debug|Any CPU
		{E7BFB277-62F2-4EC0-ACF1-7FEE80A03596}.Debug|Any CPU.ActiveCfg = Debug|Any CPU
		{E7BFB277-62F2-4EC0-ACF1-7FEE80A03596}.Debug|Any CPU.Build.0 = Debug|Any CPU
		{E7BFB277-62F2-4EC0-ACF1-7FEE80A03596}.Release|Any CPU.ActiveCfg = Debug|Any CPU
		{E7BFB277-62F2-4EC0-ACF1-7FEE80A03596}.Release|Any CPU.Build.0 = Debug|Any CPU
		{E7BFB277-62F2-4EC0-ACF1-7FEE80A03596}.Signed|Any CPU.ActiveCfg = Debug|Any CPU
		{E7BFB277-62F2-4EC0-ACF1-7FEE80A03596}.Signed|Any CPU.Build.0 = Debug|Any CPU
	EndGlobalSection
	GlobalSection(SolutionProperties) = preSolution
		HideSolutionNode = FALSE
	EndGlobalSection
	GlobalSection(NestedProjects) = preSolution
		{A2C5F44E-4EF3-4E24-8FF7-E2D392A81016} = {F78C9A16-78B2-4100-BB38-3889C17D6D01}
		{D39B6BF5-FC00-4CB9-8B65-22332F3909D5} = {A2C5F44E-4EF3-4E24-8FF7-E2D392A81016}
		{09EE653E-A545-4D4A-8291-DC8B1FBBC62F} = {511DC781-E4D9-43E0-A05D-5004518A229A}
		{88811AFB-D7C4-AB5A-B1DE-955407F90D1B} = {A2C5F44E-4EF3-4E24-8FF7-E2D392A81016}
		{A9E3812C-982C-426F-987F-7882C712F64C} = {D39B6BF5-FC00-4CB9-8B65-22332F3909D5}
		{E7BFB277-62F2-4EC0-ACF1-7FEE80A03596} = {511DC781-E4D9-43E0-A05D-5004518A229A}
		{511DC781-E4D9-43E0-A05D-5004518A229A} = {F78C9A16-78B2-4100-BB38-3889C17D6D01}
	EndGlobalSection
	GlobalSection(ExtensibilityGlobals) = postSolution
		SolutionGuid = {754964B3-2F37-47A1-A49F-A19869EE4313}
	EndGlobalSection
EndGlobal
